
Microsoft Visual Studio Solution File, Format Version 12.00
# Visual Studio Version 17
VisualStudioVersion = 17.6.33712.159
MinimumVisualStudioVersion = 10.0.40219.1
Project("{FAE04EC0-301F-11D3-BF4B-00C04F79EFBC}") = "Log4Net.Window", "Log4Net.Window\Log4Net.Window.csproj", "{27B5F1F3-17F2-4210-9179-DD6348FB6F4C}"
EndProject
Project("{FAE04EC0-301F-11D3-BF4B-00C04F79EFBC}") = "SpaceCG.Win32APIs", "SpaceCG.Win32APIs\SpaceCG.Win32APIs.csproj", "{BF71A004-3614-4E0D-A157-840057337865}"
EndProject
Project("{2150E333-8FDC-42A3-9474-1A3956D46DE8}") = "Solution Items", "Solution Items", "{43F729A4-B11F-4ED6-BCE8-1550BA6592A2}"
	ProjectSection(SolutionItems) = preProject
		README.md = README.md
	EndProjectSection
EndProject
Project("{FAE04EC0-301F-11D3-BF4B-00C04F79EFBC}") = "Test2", "Test2\Test2.csproj", "{A69A6A07-B2A6-439B-AD19-0A740214E7DE}"
EndProject
Project("{9A19103F-16F7-4668-BE54-9A1E7A4F7556}") = "SpaceCG.Generic", "SpaceCG.Generic\SpaceCG.Generic.csproj", "{D00BC3EE-2FC1-46FB-92EC-4ED23528BC01}"
EndProject
Project("{9A19103F-16F7-4668-BE54-9A1E7A4F7556}") = "SpaceCG.Extensions.Modbus", "SpaceCG.Extensions.Modbus\SpaceCG.Extensions.Modbus.csproj", "{31EEB8D3-BD76-4DEE-86A1-1CA34FC70B7C}"
EndProject
Project("{9A19103F-16F7-4668-BE54-9A1E7A4F7556}") = "ModbusDevicesManagerServices", "ModbusDevicesManagerServices\ModbusDevicesManagerServices.csproj", "{67E0F0D3-DEB6-4A6B-AF46-38C4381485A2}"
EndProject
Global
	GlobalSection(SolutionConfigurationPlatforms) = preSolution
		Debug|Any CPU = Debug|Any CPU
		Debug|x64 = Debug|x64
		Debug|x86 = Debug|x86
		Release|Any CPU = Release|Any CPU
		Release|x64 = Release|x64
		Release|x86 = Release|x86
	EndGlobalSection
	GlobalSection(ProjectConfigurationPlatforms) = postSolution
		{27B5F1F3-17F2-4210-9179-DD6348FB6F4C}.Debug|Any CPU.ActiveCfg = Debug|Any CPU
		{27B5F1F3-17F2-4210-9179-DD6348FB6F4C}.Debug|Any CPU.Build.0 = Debug|Any CPU
		{27B5F1F3-17F2-4210-9179-DD6348FB6F4C}.Debug|x64.ActiveCfg = Debug|Any CPU
		{27B5F1F3-17F2-4210-9179-DD6348FB6F4C}.Debug|x86.ActiveCfg = Debug|Any CPU
		{27B5F1F3-17F2-4210-9179-DD6348FB6F4C}.Release|Any CPU.ActiveCfg = Release|Any CPU
		{27B5F1F3-17F2-4210-9179-DD6348FB6F4C}.Release|Any CPU.Build.0 = Release|Any CPU
		{27B5F1F3-17F2-4210-9179-DD6348FB6F4C}.Release|x64.ActiveCfg = Release|Any CPU
		{27B5F1F3-17F2-4210-9179-DD6348FB6F4C}.Release|x86.ActiveCfg = Release|Any CPU
		{BF71A004-3614-4E0D-A157-840057337865}.Debug|Any CPU.ActiveCfg = Debug|Any CPU
		{BF71A004-3614-4E0D-A157-840057337865}.Debug|Any CPU.Build.0 = Debug|Any CPU
		{BF71A004-3614-4E0D-A157-840057337865}.Debug|x64.ActiveCfg = Debug|Any CPU
		{BF71A004-3614-4E0D-A157-840057337865}.Debug|x64.Build.0 = Debug|Any CPU
		{BF71A004-3614-4E0D-A157-840057337865}.Debug|x86.ActiveCfg = Debug|Any CPU
		{BF71A004-3614-4E0D-A157-840057337865}.Debug|x86.Build.0 = Debug|Any CPU
		{BF71A004-3614-4E0D-A157-840057337865}.Release|Any CPU.ActiveCfg = Release|Any CPU
		{BF71A004-3614-4E0D-A157-840057337865}.Release|Any CPU.Build.0 = Release|Any CPU
		{BF71A004-3614-4E0D-A157-840057337865}.Release|x64.ActiveCfg = Release|Any CPU
		{BF71A004-3614-4E0D-A157-840057337865}.Release|x64.Build.0 = Release|Any CPU
		{BF71A004-3614-4E0D-A157-840057337865}.Release|x86.ActiveCfg = Release|Any CPU
		{BF71A004-3614-4E0D-A157-840057337865}.Release|x86.Build.0 = Release|Any CPU
		{A69A6A07-B2A6-439B-AD19-0A740214E7DE}.Debug|Any CPU.ActiveCfg = Debug|Any CPU
		{A69A6A07-B2A6-439B-AD19-0A740214E7DE}.Debug|Any CPU.Build.0 = Debug|Any CPU
		{A69A6A07-B2A6-439B-AD19-0A740214E7DE}.Debug|x64.ActiveCfg = Debug|Any CPU
		{A69A6A07-B2A6-439B-AD19-0A740214E7DE}.Debug|x64.Build.0 = Debug|Any CPU
		{A69A6A07-B2A6-439B-AD19-0A740214E7DE}.Debug|x86.ActiveCfg = Debug|Any CPU
		{A69A6A07-B2A6-439B-AD19-0A740214E7DE}.Debug|x86.Build.0 = Debug|Any CPU
		{A69A6A07-B2A6-439B-AD19-0A740214E7DE}.Release|Any CPU.ActiveCfg = Release|Any CPU
		{A69A6A07-B2A6-439B-AD19-0A740214E7DE}.Release|Any CPU.Build.0 = Release|Any CPU
		{A69A6A07-B2A6-439B-AD19-0A740214E7DE}.Release|x64.ActiveCfg = Release|Any CPU
		{A69A6A07-B2A6-439B-AD19-0A740214E7DE}.Release|x64.Build.0 = Release|Any CPU
		{A69A6A07-B2A6-439B-AD19-0A740214E7DE}.Release|x86.ActiveCfg = Release|Any CPU
		{A69A6A07-B2A6-439B-AD19-0A740214E7DE}.Release|x86.Build.0 = Release|Any CPU
		{D00BC3EE-2FC1-46FB-92EC-4ED23528BC01}.Debug|Any CPU.ActiveCfg = Debug|Any CPU
		{D00BC3EE-2FC1-46FB-92EC-4ED23528BC01}.Debug|Any CPU.Build.0 = Debug|Any CPU
		{D00BC3EE-2FC1-46FB-92EC-4ED23528BC01}.Debug|x64.ActiveCfg = Debug|Any CPU
		{D00BC3EE-2FC1-46FB-92EC-4ED23528BC01}.Debug|x64.Build.0 = Debug|Any CPU
		{D00BC3EE-2FC1-46FB-92EC-4ED23528BC01}.Debug|x86.ActiveCfg = Debug|Any CPU
		{D00BC3EE-2FC1-46FB-92EC-4ED23528BC01}.Debug|x86.Build.0 = Debug|Any CPU
		{D00BC3EE-2FC1-46FB-92EC-4ED23528BC01}.Release|Any CPU.ActiveCfg = Release|Any CPU
		{D00BC3EE-2FC1-46FB-92EC-4ED23528BC01}.Release|Any CPU.Build.0 = Release|Any CPU
		{D00BC3EE-2FC1-46FB-92EC-4ED23528BC01}.Release|x64.ActiveCfg = Release|Any CPU
		{D00BC3EE-2FC1-46FB-92EC-4ED23528BC01}.Release|x64.Build.0 = Release|Any CPU
		{D00BC3EE-2FC1-46FB-92EC-4ED23528BC01}.Release|x86.ActiveCfg = Release|Any CPU
		{D00BC3EE-2FC1-46FB-92EC-4ED23528BC01}.Release|x86.Build.0 = Release|Any CPU
		{31EEB8D3-BD76-4DEE-86A1-1CA34FC70B7C}.Debug|Any CPU.ActiveCfg = Debug|Any CPU
		{31EEB8D3-BD76-4DEE-86A1-1CA34FC70B7C}.Debug|Any CPU.Build.0 = Debug|Any CPU
		{31EEB8D3-BD76-4DEE-86A1-1CA34FC70B7C}.Debug|x64.ActiveCfg = Debug|Any CPU
		{31EEB8D3-BD76-4DEE-86A1-1CA34FC70B7C}.Debug|x64.Build.0 = Debug|Any CPU
		{31EEB8D3-BD76-4DEE-86A1-1CA34FC70B7C}.Debug|x86.ActiveCfg = Debug|Any CPU
		{31EEB8D3-BD76-4DEE-86A1-1CA34FC70B7C}.Debug|x86.Build.0 = Debug|Any CPU
		{31EEB8D3-BD76-4DEE-86A1-1CA34FC70B7C}.Release|Any CPU.ActiveCfg = Release|Any CPU
		{31EEB8D3-BD76-4DEE-86A1-1CA34FC70B7C}.Release|Any CPU.Build.0 = Release|Any CPU
		{31EEB8D3-BD76-4DEE-86A1-1CA34FC70B7C}.Release|x64.ActiveCfg = Release|Any CPU
		{31EEB8D3-BD76-4DEE-86A1-1CA34FC70B7C}.Release|x64.Build.0 = Release|Any CPU
		{31EEB8D3-BD76-4DEE-86A1-1CA34FC70B7C}.Release|x86.ActiveCfg = Release|Any CPU
		{31EEB8D3-BD76-4DEE-86A1-1CA34FC70B7C}.Release|x86.Build.0 = Release|Any CPU
		{67E0F0D3-DEB6-4A6B-AF46-38C4381485A2}.Debug|Any CPU.ActiveCfg = Debug|Any CPU
		{67E0F0D3-DEB6-4A6B-AF46-38C4381485A2}.Debug|Any CPU.Build.0 = Debug|Any CPU
		{67E0F0D3-DEB6-4A6B-AF46-38C4381485A2}.Debug|x64.ActiveCfg = Debug|Any CPU
		{67E0F0D3-DEB6-4A6B-AF46-38C4381485A2}.Debug|x64.Build.0 = Debug|Any CPU
		{67E0F0D3-DEB6-4A6B-AF46-38C4381485A2}.Debug|x86.ActiveCfg = Debug|Any CPU
		{67E0F0D3-DEB6-4A6B-AF46-38C4381485A2}.Debug|x86.Build.0 = Debug|Any CPU
		{67E0F0D3-DEB6-4A6B-AF46-38C4381485A2}.Release|Any CPU.ActiveCfg = Release|Any CPU
		{67E0F0D3-DEB6-4A6B-AF46-38C4381485A2}.Release|Any CPU.Build.0 = Release|Any CPU
		{67E0F0D3-DEB6-4A6B-AF46-38C4381485A2}.Release|x64.ActiveCfg = Release|Any CPU
		{67E0F0D3-DEB6-4A6B-AF46-38C4381485A2}.Release|x64.Build.0 = Release|Any CPU
		{67E0F0D3-DEB6-4A6B-AF46-38C4381485A2}.Release|x86.ActiveCfg = Release|Any CPU
		{67E0F0D3-DEB6-4A6B-AF46-38C4381485A2}.Release|x86.Build.0 = Release|Any CPU
	EndGlobalSection
	GlobalSection(SolutionProperties) = preSolution
		HideSolutionNode = FALSE
	EndGlobalSection
	GlobalSection(ExtensibilityGlobals) = postSolution
		SolutionGuid = {0B680372-5154-4660-9116-13F1BB239E64}
	EndGlobalSection
EndGlobal
