
Microsoft Visual Studio Solution File, Format Version 12.00
# Visual Studio Version 16
VisualStudioVersion = 16.0.31321.278
MinimumVisualStudioVersion = 10.0.40219.1
Project("{FAE04EC0-301F-11D3-BF4B-00C04F79EFBC}") = "Test", "Test\Test.csproj", "{45B25F03-9765-4AF3-84BC-40A3BD7E5252}"
EndProject
Project("{FAE04EC0-301F-11D3-BF4B-00C04F79EFBC}") = "Log4Net.Window", "Log4Net.Window\Log4Net.Window.csproj", "{27B5F1F3-17F2-4210-9179-DD6348FB6F4C}"
EndProject
Project("{FAE04EC0-301F-11D3-BF4B-00C04F79EFBC}") = "Win32APIs4CSharp", "Win32APIs4CSharp\Win32APIs4CSharp.csproj", "{0FFD9FC2-EE8F-4ECE-A8FF-22F4CBEDE839}"
EndProject
Project("{FAE04EC0-301F-11D3-BF4B-00C04F79EFBC}") = "SpaceCG.ModbusExtension", "SpaceCG.ModbusExtension\SpaceCG.ModbusExtension.csproj", "{0E31EB18-1172-4DA6-9EAA-7AE419F0B65D}"
EndProject
Global
	GlobalSection(SolutionConfigurationPlatforms) = preSolution
		Debug|Any CPU = Debug|Any CPU
		Release|Any CPU = Release|Any CPU
	EndGlobalSection
	GlobalSection(ProjectConfigurationPlatforms) = postSolution
		{45B25F03-9765-4AF3-84BC-40A3BD7E5252}.Debug|Any CPU.ActiveCfg = Debug|Any CPU
		{45B25F03-9765-4AF3-84BC-40A3BD7E5252}.Debug|Any CPU.Build.0 = Debug|Any CPU
		{45B25F03-9765-4AF3-84BC-40A3BD7E5252}.Release|Any CPU.ActiveCfg = Release|Any CPU
		{45B25F03-9765-4AF3-84BC-40A3BD7E5252}.Release|Any CPU.Build.0 = Release|Any CPU
		{27B5F1F3-17F2-4210-9179-DD6348FB6F4C}.Debug|Any CPU.ActiveCfg = Debug|Any CPU
		{27B5F1F3-17F2-4210-9179-DD6348FB6F4C}.Debug|Any CPU.Build.0 = Debug|Any CPU
		{27B5F1F3-17F2-4210-9179-DD6348FB6F4C}.Release|Any CPU.ActiveCfg = Release|Any CPU
		{27B5F1F3-17F2-4210-9179-DD6348FB6F4C}.Release|Any CPU.Build.0 = Release|Any CPU
		{0FFD9FC2-EE8F-4ECE-A8FF-22F4CBEDE839}.Debug|Any CPU.ActiveCfg = Debug|Any CPU
		{0FFD9FC2-EE8F-4ECE-A8FF-22F4CBEDE839}.Debug|Any CPU.Build.0 = Debug|Any CPU
		{0FFD9FC2-EE8F-4ECE-A8FF-22F4CBEDE839}.Release|Any CPU.ActiveCfg = Release|Any CPU
		{0FFD9FC2-EE8F-4ECE-A8FF-22F4CBEDE839}.Release|Any CPU.Build.0 = Release|Any CPU
		{0E31EB18-1172-4DA6-9EAA-7AE419F0B65D}.Debug|Any CPU.ActiveCfg = Debug|Any CPU
		{0E31EB18-1172-4DA6-9EAA-7AE419F0B65D}.Debug|Any CPU.Build.0 = Debug|Any CPU
		{0E31EB18-1172-4DA6-9EAA-7AE419F0B65D}.Release|Any CPU.ActiveCfg = Release|Any CPU
		{0E31EB18-1172-4DA6-9EAA-7AE419F0B65D}.Release|Any CPU.Build.0 = Release|Any CPU
	EndGlobalSection
	GlobalSection(SolutionProperties) = preSolution
		HideSolutionNode = FALSE
	EndGlobalSection
	GlobalSection(ExtensibilityGlobals) = postSolution
		SolutionGuid = {0B680372-5154-4660-9116-13F1BB239E64}
	EndGlobalSection
EndGlobal
